// !$*UTF8*$!
{
	archiveVersion = 1;
	classes = {
	};
	objectVersion = 46;
	objects = {

/* Begin PBXBuildFile section */
		7708DB871C47A60C00A8B852 /* main.m in Sources */ = {isa = PBXBuildFile; fileRef = 7708DB861C47A60C00A8B852 /* main.m */; };
		7708DB8A1C47A60C00A8B852 /* AppDelegate.m in Sources */ = {isa = PBXBuildFile; fileRef = 7708DB891C47A60C00A8B852 /* AppDelegate.m */; };
		7708DB8D1C47A60C00A8B852 /* ViewController.m in Sources */ = {isa = PBXBuildFile; fileRef = 7708DB8C1C47A60C00A8B852 /* ViewController.m */; };
		7708DB921C47A60C00A8B852 /* Assets.xcassets in Resources */ = {isa = PBXBuildFile; fileRef = 7708DB911C47A60C00A8B852 /* Assets.xcassets */; };
		7708DB951C47A60C00A8B852 /* LaunchScreen.storyboard in Resources */ = {isa = PBXBuildFile; fileRef = 7708DB931C47A60C00A8B852 /* LaunchScreen.storyboard */; };
		7708DBA61C48CBCA00A8B852 /* JCRichTextParser.m in Sources */ = {isa = PBXBuildFile; fileRef = 7708DBA51C48CBCA00A8B852 /* JCRichTextParser.m */; };
/* End PBXBuildFile section */

/* Begin PBXFileReference section */
		7708DB821C47A60C00A8B852 /* JCRichTextParser.app */ = {isa = PBXFileReference; explicitFileType = wrapper.application; includeInIndex = 0; path = JCRichTextParser.app; sourceTree = BUILT_PRODUCTS_DIR; };
		7708DB861C47A60C00A8B852 /* main.m */ = {isa = PBXFileReference; lastKnownFileType = sourcecode.c.objc; path = main.m; sourceTree = "<group>"; };
		7708DB881C47A60C00A8B852 /* AppDelegate.h */ = {isa = PBXFileReference; lastKnownFileType = sourcecode.c.h; path = AppDelegate.h; sourceTree = "<group>"; };
		7708DB891C47A60C00A8B852 /* AppDelegate.m */ = {isa = PBXFileReference; lastKnownFileType = sourcecode.c.objc; path = AppDelegate.m; sourceTree = "<group>"; };
		7708DB8B1C47A60C00A8B852 /* ViewController.h */ = {isa = PBXFileReference; lastKnownFileType = sourcecode.c.h; path = ViewController.h; sourceTree = "<group>"; };
		7708DB8C1C47A60C00A8B852 /* ViewController.m */ = {isa = PBXFileReference; lastKnownFileType = sourcecode.c.objc; path = ViewController.m; sourceTree = "<group>"; };
		7708DB911C47A60C00A8B852 /* Assets.xcassets */ = {isa = PBXFileReference; lastKnownFileType = folder.assetcatalog; path = Assets.xcassets; sourceTree = "<group>"; };
		7708DB941C47A60C00A8B852 /* Base */ = {isa = PBXFileReference; lastKnownFileType = file.storyboard; name = Base; path = Base.lproj/LaunchScreen.storyboard; sourceTree = "<group>"; };
		7708DB961C47A60C00A8B852 /* Info.plist */ = {isa = PBXFileReference; lastKnownFileType = text.plist.xml; path = Info.plist; sourceTree = "<group>"; };
		7708DBA41C48CBCA00A8B852 /* JCRichTextParser.h */ = {isa = PBXFileReference; fileEncoding = 4; lastKnownFileType = sourcecode.c.h; name = JCRichTextParser.h; path = ../../JCRichTextParser/JCRichTextParser.h; sourceTree = "<group>"; };
		7708DBA51C48CBCA00A8B852 /* JCRichTextParser.m */ = {isa = PBXFileReference; fileEncoding = 4; lastKnownFileType = sourcecode.c.objc; name = JCRichTextParser.m; path = ../../JCRichTextParser/JCRichTextParser.m; sourceTree = "<group>"; };
/* End PBXFileReference section */

/* Begin PBXFrameworksBuildPhase section */
		7708DB7F1C47A60C00A8B852 /* Frameworks */ = {
			isa = PBXFrameworksBuildPhase;
			buildActionMask = 2147483647;
			files = (
			);
			runOnlyForDeploymentPostprocessing = 0;
		};
/* End PBXFrameworksBuildPhase section */

/* Begin PBXGroup section */
		7708DB791C47A60C00A8B852 = {
			isa = PBXGroup;
			children = (
				7708DB841C47A60C00A8B852 /* JCRichTextParser */,
				7708DB831C47A60C00A8B852 /* Products */,
			);
			sourceTree = "<group>";
		};
		7708DB831C47A60C00A8B852 /* Products */ = {
			isa = PBXGroup;
			children = (
				7708DB821C47A60C00A8B852 /* JCRichTextParser.app */,
			);
			name = Products;
			sourceTree = "<group>";
		};
		7708DB841C47A60C00A8B852 /* JCRichTextParser */ = {
			isa = PBXGroup;
			children = (
				7708DB881C47A60C00A8B852 /* AppDelegate.h */,
				7708DB891C47A60C00A8B852 /* AppDelegate.m */,
				7708DB8B1C47A60C00A8B852 /* ViewController.h */,
				7708DB8C1C47A60C00A8B852 /* ViewController.m */,
				7708DB911C47A60C00A8B852 /* Assets.xcassets */,
				7708DB931C47A60C00A8B852 /* LaunchScreen.storyboard */,
				7708DB961C47A60C00A8B852 /* Info.plist */,
				7708DB851C47A60C00A8B852 /* Supporting Files */,
				7708DBA41C48CBCA00A8B852 /* JCRichTextParser.h */,
				7708DBA51C48CBCA00A8B852 /* JCRichTextParser.m */,
			);
			path = JCRichTextParser;
			sourceTree = "<group>";
		};
		7708DB851C47A60C00A8B852 /* Supporting Files */ = {
			isa = PBXGroup;
			children = (
				7708DB861C47A60C00A8B852 /* main.m */,
			);
			name = "Supporting Files";
			sourceTree = "<group>";
		};
/* End PBXGroup section */

/* Begin PBXNativeTarget section */
		7708DB811C47A60C00A8B852 /* JCRichTextParser */ = {
			isa = PBXNativeTarget;
			buildConfigurationList = 7708DB991C47A60C00A8B852 /* Build configuration list for PBXNativeTarget "JCRichTextParser" */;
			buildPhases = (
				7708DB7E1C47A60C00A8B852 /* Sources */,
				7708DB7F1C47A60C00A8B852 /* Frameworks */,
				7708DB801C47A60C00A8B852 /* Resources */,
			);
			buildRules = (
			);
			dependencies = (
			);
			name = JCRichTextParser;
			productName = JCRichTextParser;
			productReference = 7708DB821C47A60C00A8B852 /* JCRichTextParser.app */;
			productType = "com.apple.product-type.application";
		};
/* End PBXNativeTarget section */

/* Begin PBXProject section */
		7708DB7A1C47A60C00A8B852 /* Project object */ = {
			isa = PBXProject;
			attributes = {
				LastUpgradeCheck = 0720;
				ORGANIZATIONNAME = Jimmy;
				TargetAttributes = {
					7708DB811C47A60C00A8B852 = {
						CreatedOnToolsVersion = 7.2;
					};
				};
			};
			buildConfigurationList = 7708DB7D1C47A60C00A8B852 /* Build configuration list for PBXProject "JCRichTextParser" */;
			compatibilityVersion = "Xcode 3.2";
			developmentRegion = English;
			hasScannedForEncodings = 0;
			knownRegions = (
				en,
				Base,
			);
			mainGroup = 7708DB791C47A60C00A8B852;
			productRefGroup = 7708DB831C47A60C00A8B852 /* Products */;
			projectDirPath = "";
			projectRoot = "";
			targets = (
				7708DB811C47A60C00A8B852 /* JCRichTextParser */,
			);
		};
/* End PBXProject section */

/* Begin PBXResourcesBuildPhase section */
		7708DB801C47A60C00A8B852 /* Resources */ = {
			isa = PBXResourcesBuildPhase;
			buildActionMask = 2147483647;
			files = (
				7708DB951C47A60C00A8B852 /* LaunchScreen.storyboard in Resources */,
				7708DB921C47A60C00A8B852 /* Assets.xcassets in Resources */,
			);
			runOnlyForDeploymentPostprocessing = 0;
		};
/* End PBXResourcesBuildPhase section */

/* Begin PBXSourcesBuildPhase section */
		7708DB7E1C47A60C00A8B852 /* Sources */ = {
			isa = PBXSourcesBuildPhase;
			buildActionMask = 2147483647;
			files = (
				7708DB8D1C47A60C00A8B852 /* ViewController.m in Sources */,
				7708DB8A1C47A60C00A8B852 /* AppDelegate.m in Sources */,
				7708DBA61C48CBCA00A8B852 /* JCRichTextParser.m in Sources */,
				7708DB871C47A60C00A8B852 /* main.m in Sources */,
			);
			runOnlyForDeploymentPostprocessing = 0;
		};
/* End PBXSourcesBuildPhase section */

/* Begin PBXVariantGroup section */
		7708DB931C47A60C00A8B852 /* LaunchScreen.storyboard */ = {
			isa = PBXVariantGroup;
			children = (
				7708DB941C47A60C00A8B852 /* Base */,
			);
			name = LaunchScreen.storyboard;
			sourceTree = "<group>";
		};
/* End PBXVariantGroup section */

/* Begin XCBuildConfiguration section */
		7708DB971C47A60C00A8B852 /* Debug */ = {
			isa = XCBuildConfiguration;
			buildSettings = {
				ALWAYS_SEARCH_USER_PATHS = NO;
				CLANG_CXX_LANGUAGE_STANDARD = "gnu++0x";
				CLANG_CXX_LIBRARY = "libc++";
				CLANG_ENABLE_MODULES = YES;
				CLANG_ENABLE_OBJC_ARC = YES;
				CLANG_WARN_BOOL_CONVERSION = YES;
				CLANG_WARN_CONSTANT_CONVERSION = YES;
				CLANG_WARN_DIRECT_OBJC_ISA_USAGE = YES_ERROR;
				CLANG_WARN_EMPTY_BODY = YES;
				CLANG_WARN_ENUM_CONVERSION = YES;
				CLANG_WARN_INT_CONVERSION = YES;
				CLANG_WARN_OBJC_ROOT_CLASS = YES_ERROR;
				CLANG_WARN_UNREACHABLE_CODE = YES;
				CLANG_WARN__DUPLICATE_METHOD_MATCH = YES;
				"CODE_SIGN_IDENTITY[sdk=iphoneos*]" = "iPhone Developer";
				COPY_PHASE_STRIP = NO;
				DEBUG_INFORMATION_FORMAT = dwarf;
				ENABLE_STRICT_OBJC_MSGSEND = YES;
				ENABLE_TESTABILITY = YES;
				GCC_C_LANGUAGE_STANDARD = gnu99;
				GCC_DYNAMIC_NO_PIC = NO;
				GCC_NO_COMMON_BLOCKS = YES;
				GCC_OPTIMIZATION_LEVEL = 0;
				GCC_PREPROCESSOR_DEFINITIONS = (
					"DEBUG=1",
					"$(inherited)",
				);
				GCC_WARN_64_TO_32_BIT_CONVERSION = YES;
				GCC_WARN_ABOUT_RETURN_TYPE = YES_ERROR;
				GCC_WARN_UNDECLARED_SELECTOR = YES;
				GCC_WARN_UNINITIALIZED_AUTOS = YES_AGGRESSIVE;
				GCC_WARN_UNUSED_FUNCTION = YES;
				GCC_WARN_UNUSED_VARIABLE = YES;
				IPHONEOS_DEPLOYMENT_TARGET = 9.2;
				MTL_ENABLE_DEBUG_INFO = YES;
				ONLY_ACTIVE_ARCH = YES;
				SDKROOT = iphoneos;
			};
			name = Debug;
		};
		7708DB981C47A60C00A8B852 /* Release */ = {
			isa = XCBuildConfiguration;
			buildSettings = {
				ALWAYS_SEARCH_USER_PATHS = NO;
				CLANG_CXX_LANGUAGE_STANDARD = "gnu++0x";
				CLANG_CXX_LIBRARY = "libc++";
				CLANG_ENABLE_MODULES = YES;
				CLANG_ENABLE_OBJC_ARC = YES;
				CLANG_WARN_BOOL_CONVERSION = YES;
				CLANG_WARN_CONSTANT_CONVERSION = YES;
				CLANG_WARN_DIRECT_OBJC_ISA_USAGE = YES_ERROR;
				CLANG_WARN_EMPTY_BODY = YES;
				CLANG_WARN_ENUM_CONVERSION = YES;
				CLANG_WARN_INT_CONVERSION = YES;
				CLANG_WARN_OBJC_ROOT_CLASS = YES_ERROR;
				CLANG_WARN_UNREACHABLE_CODE = YES;
				CLANG_WARN__DUPLICATE_METHOD_MATCH = YES;
				"CODE_SIGN_IDENTITY[sdk=iphoneos*]" = "iPhone Developer";
				COPY_PHASE_STRIP = NO;
				DEBUG_INFORMATION_FORMAT = "dwarf-with-dsym";
				ENABLE_NS_ASSERTIONS = NO;
				ENABLE_STRICT_OBJC_MSGSEND = YES;
				GCC_C_LANGUAGE_STANDARD = gnu99;
				GCC_NO_COMMON_BLOCKS = YES;
				GCC_WARN_64_TO_32_BIT_CONVERSION = YES;
				GCC_WARN_ABOUT_RETURN_TYPE = YES_ERROR;
				GCC_WARN_UNDECLARED_SELECTOR = YES;
				GCC_WARN_UNINITIALIZED_AUTOS = YES_AGGRESSIVE;
				GCC_WARN_UNUSED_FUNCTION = YES;
				GCC_WARN_UNUSED_VARIABLE = YES;
				IPHONEOS_DEPLOYMENT_TARGET = 9.2;
				MTL_ENABLE_DEBUG_INFO = NO;
				SDKROOT = iphoneos;
				VALIDATE_PRODUCT = YES;
			};
			name = Release;
		};
		7708DB9A1C47A60C00A8B852 /* Debug */ = {
			isa = XCBuildConfiguration;
			buildSettings = {
				ASSETCATALOG_COMPILER_APPICON_NAME = AppIcon;
				INFOPLIST_FILE = JCRichTextParser/Info.plist;
				LD_RUNPATH_SEARCH_PATHS = "$(inherited) @executable_path/Frameworks";
				PRODUCT_BUNDLE_IDENTIFIER = Jimmy.JCRichTextParser;
				PRODUCT_NAME = "$(TARGET_NAME)";
			};
			name = Debug;
		};
		7708DB9B1C47A60C00A8B852 /* Release */ = {
			isa = XCBuildConfiguration;
			buildSettings = {
				ASSETCATALOG_COMPILER_APPICON_NAME = AppIcon;
				INFOPLIST_FILE = JCRichTextParser/Info.plist;
				LD_RUNPATH_SEARCH_PATHS = "$(inherited) @executable_path/Frameworks";
				PRODUCT_BUNDLE_IDENTIFIER = Jimmy.JCRichTextParser;
				PRODUCT_NAME = "$(TARGET_NAME)";
			};
			name = Release;
		};
/* End XCBuildConfiguration section */

/* Begin XCConfigurationList section */
		7708DB7D1C47A60C00A8B852 /* Build configuration list for PBXProject "JCRichTextParser" */ = {
			isa = XCConfigurationList;
			buildConfigurations = (
				7708DB971C47A60C00A8B852 /* Debug */,
				7708DB981C47A60C00A8B852 /* Release */,
			);
			defaultConfigurationIsVisible = 0;
			defaultConfigurationName = Release;
		};
		7708DB991C47A60C00A8B852 /* Build configuration list for PBXNativeTarget "JCRichTextParser" */ = {
			isa = XCConfigurationList;
			buildConfigurations = (
				7708DB9A1C47A60C00A8B852 /* Debug */,
				7708DB9B1C47A60C00A8B852 /* Release */,
			);
			defaultConfigurationIsVisible = 0;
			defaultConfigurationName = Release;
		};
/* End XCConfigurationList section */
	};
	rootObject = 7708DB7A1C47A60C00A8B852 /* Project object */;
}
